// !$*UTF8*$!
{
	archiveVersion = 1;
	classes = {
	};
	objectVersion = 46;
	objects = {

/* Begin PBXBuildFile section */
		3EA4161B1DF8D0F600669A20 /* Product+Networking.swift in Sources */ = {isa = PBXBuildFile; fileRef = 3EA4161A1DF8D0F600669A20 /* Product+Networking.swift */; };
		3EA4161F1DF9606700669A20 /* ProductRouter.swift in Sources */ = {isa = PBXBuildFile; fileRef = 3EA4161E1DF9606700669A20 /* ProductRouter.swift */; };
		3EA416241DF9609700669A20 /* ProductsAPI.swift in Sources */ = {isa = PBXBuildFile; fileRef = 3EA416211DF9609700669A20 /* ProductsAPI.swift */; };
		3EA416251DF9609700669A20 /* ProductsCoreDataStore.swift in Sources */ = {isa = PBXBuildFile; fileRef = 3EA416221DF9609700669A20 /* ProductsCoreDataStore.swift */; };
		3EA416261DF9609700669A20 /* ProductsMemStore.swift in Sources */ = {isa = PBXBuildFile; fileRef = 3EA416231DF9609700669A20 /* ProductsMemStore.swift */; };
		3EA4162A1DF963CF00669A20 /* CoreDataManager.swift in Sources */ = {isa = PBXBuildFile; fileRef = 3EA416291DF963CF00669A20 /* CoreDataManager.swift */; };
		3EA4163D1DF983FA00669A20 /* ManagedProduct+CoreDataClass.swift in Sources */ = {isa = PBXBuildFile; fileRef = 3EA4163B1DF983FA00669A20 /* ManagedProduct+CoreDataClass.swift */; };
		3EA4163E1DF983FA00669A20 /* ManagedProduct+CoreDataProperties.swift in Sources */ = {isa = PBXBuildFile; fileRef = 3EA4163C1DF983FA00669A20 /* ManagedProduct+CoreDataProperties.swift */; };
		3EA416401DF9969700669A20 /* Product+CoreData.swift in Sources */ = {isa = PBXBuildFile; fileRef = 3EA4163F1DF9969700669A20 /* Product+CoreData.swift */; };
		3EC5CD9C1DF628B00013C3CB /* AppDelegate.swift in Sources */ = {isa = PBXBuildFile; fileRef = 3EC5CD9B1DF628B00013C3CB /* AppDelegate.swift */; };
		3EC5CDA11DF628B00013C3CB /* Main.storyboard in Resources */ = {isa = PBXBuildFile; fileRef = 3EC5CD9F1DF628B00013C3CB /* Main.storyboard */; };
		3EC5CDA41DF628B00013C3CB /* OnlineCatalogue.xcdatamodeld in Sources */ = {isa = PBXBuildFile; fileRef = 3EC5CDA21DF628B00013C3CB /* OnlineCatalogue.xcdatamodeld */; };
		3EC5CDA61DF628B00013C3CB /* Assets.xcassets in Resources */ = {isa = PBXBuildFile; fileRef = 3EC5CDA51DF628B00013C3CB /* Assets.xcassets */; };
		3EC5CDA91DF628B00013C3CB /* LaunchScreen.storyboard in Resources */ = {isa = PBXBuildFile; fileRef = 3EC5CDA71DF628B00013C3CB /* LaunchScreen.storyboard */; };
		3EC5CDDE1DF62BC30013C3CB /* ProductsListConfigurator.swift in Sources */ = {isa = PBXBuildFile; fileRef = 3EC5CDD71DF62BC30013C3CB /* ProductsListConfigurator.swift */; };
		3EC5CDDF1DF62BC30013C3CB /* ProductsListInteractor.swift in Sources */ = {isa = PBXBuildFile; fileRef = 3EC5CDD81DF62BC30013C3CB /* ProductsListInteractor.swift */; };
		3EC5CDE01DF62BC30013C3CB /* ProductsListModels.swift in Sources */ = {isa = PBXBuildFile; fileRef = 3EC5CDD91DF62BC30013C3CB /* ProductsListModels.swift */; };
		3EC5CDE11DF62BC30013C3CB /* ProductsListPresenter.swift in Sources */ = {isa = PBXBuildFile; fileRef = 3EC5CDDA1DF62BC30013C3CB /* ProductsListPresenter.swift */; };
		3EC5CDE21DF62BC30013C3CB /* ProductsListRouter.swift in Sources */ = {isa = PBXBuildFile; fileRef = 3EC5CDDB1DF62BC30013C3CB /* ProductsListRouter.swift */; };
		3EC5CDE31DF62BC30013C3CB /* ProductsListViewController.swift in Sources */ = {isa = PBXBuildFile; fileRef = 3EC5CDDC1DF62BC30013C3CB /* ProductsListViewController.swift */; };
		3EC5CDE41DF62BC30013C3CB /* ProductsListWorker.swift in Sources */ = {isa = PBXBuildFile; fileRef = 3EC5CDDD1DF62BC30013C3CB /* ProductsListWorker.swift */; };
		3EC5CDE61DF62C0B0013C3CB /* ProductsWorker.swift in Sources */ = {isa = PBXBuildFile; fileRef = 3EC5CDE51DF62C0B0013C3CB /* ProductsWorker.swift */; };
		3EC5CDEE1DF62D2A0013C3CB /* Product.swift in Sources */ = {isa = PBXBuildFile; fileRef = 3EC5CDED1DF62D2A0013C3CB /* Product.swift */; };
		3EC5CDF61DF633F00013C3CB /* ProductDetailsConfigurator.swift in Sources */ = {isa = PBXBuildFile; fileRef = 3EC5CDEF1DF633F00013C3CB /* ProductDetailsConfigurator.swift */; };
		3EC5CDF71DF633F00013C3CB /* ProductDetailsInteractor.swift in Sources */ = {isa = PBXBuildFile; fileRef = 3EC5CDF01DF633F00013C3CB /* ProductDetailsInteractor.swift */; };
		3EC5CDF81DF633F00013C3CB /* ProductDetailsModels.swift in Sources */ = {isa = PBXBuildFile; fileRef = 3EC5CDF11DF633F00013C3CB /* ProductDetailsModels.swift */; };
		3EC5CDF91DF633F00013C3CB /* ProductDetailsPresenter.swift in Sources */ = {isa = PBXBuildFile; fileRef = 3EC5CDF21DF633F00013C3CB /* ProductDetailsPresenter.swift */; };
		3EC5CDFA1DF633F00013C3CB /* ProductDetailsRouter.swift in Sources */ = {isa = PBXBuildFile; fileRef = 3EC5CDF31DF633F00013C3CB /* ProductDetailsRouter.swift */; };
		3EC5CDFB1DF633F00013C3CB /* ProductDetailsViewController.swift in Sources */ = {isa = PBXBuildFile; fileRef = 3EC5CDF41DF633F00013C3CB /* ProductDetailsViewController.swift */; };
		3EC5CDFC1DF633F00013C3CB /* ProductDetailsWorker.swift in Sources */ = {isa = PBXBuildFile; fileRef = 3EC5CDF51DF633F00013C3CB /* ProductDetailsWorker.swift */; };
		3EC5CDFE1DF66B710013C3CB /* ProductTableViewCell.swift in Sources */ = {isa = PBXBuildFile; fileRef = 3EC5CDFD1DF66B710013C3CB /* ProductTableViewCell.swift */; };
		3EC5CE071DF6744E0013C3CB /* Main.storyboard in Resources */ = {isa = PBXBuildFile; fileRef = 3EC5CD9F1DF628B00013C3CB /* Main.storyboard */; };
		3EC5CE0C1DF6775E0013C3CB /* ProductsListInteractorTests.swift in Sources */ = {isa = PBXBuildFile; fileRef = 3EC5CE081DF6775E0013C3CB /* ProductsListInteractorTests.swift */; };
		3EC5CE0D1DF6775E0013C3CB /* ProductsListPresenterTests.swift in Sources */ = {isa = PBXBuildFile; fileRef = 3EC5CE091DF6775E0013C3CB /* ProductsListPresenterTests.swift */; };
		3EC5CE0E1DF6775E0013C3CB /* ProductsListViewControllerTests.swift in Sources */ = {isa = PBXBuildFile; fileRef = 3EC5CE0A1DF6775E0013C3CB /* ProductsListViewControllerTests.swift */; };
		3EC5CE0F1DF6775E0013C3CB /* ProductsWorkerTests.swift in Sources */ = {isa = PBXBuildFile; fileRef = 3EC5CE0B1DF6775E0013C3CB /* ProductsWorkerTests.swift */; };
		3EC5CE111DF67AFC0013C3CB /* ProductCollectionViewCell.swift in Sources */ = {isa = PBXBuildFile; fileRef = 3EC5CE101DF67AFC0013C3CB /* ProductCollectionViewCell.swift */; };
		569B7573FB03A6F871665D0D /* Pods_OnlineCatalogue.framework in Frameworks */ = {isa = PBXBuildFile; fileRef = 6C16E72FA367D515A1E2F8D6 /* Pods_OnlineCatalogue.framework */; };
/* End PBXBuildFile section */

/* Begin PBXContainerItemProxy section */
		3EC5CDB01DF628B00013C3CB /* PBXContainerItemProxy */ = {
			isa = PBXContainerItemProxy;
			containerPortal = 3EC5CD901DF628B00013C3CB /* Project object */;
			proxyType = 1;
			remoteGlobalIDString = 3EC5CD971DF628B00013C3CB;
			remoteInfo = OnlineCatalogue;
		};
/* End PBXContainerItemProxy section */

/* Begin PBXFileReference section */
		3EA4161A1DF8D0F600669A20 /* Product+Networking.swift */ = {isa = PBXFileReference; fileEncoding = 4; lastKnownFileType = sourcecode.swift; path = "Product+Networking.swift"; sourceTree = "<group>"; };
		3EA4161E1DF9606700669A20 /* ProductRouter.swift */ = {isa = PBXFileReference; fileEncoding = 4; lastKnownFileType = sourcecode.swift; path = ProductRouter.swift; sourceTree = "<group>"; };
		3EA416211DF9609700669A20 /* ProductsAPI.swift */ = {isa = PBXFileReference; fileEncoding = 4; lastKnownFileType = sourcecode.swift; path = ProductsAPI.swift; sourceTree = "<group>"; };
		3EA416221DF9609700669A20 /* ProductsCoreDataStore.swift */ = {isa = PBXFileReference; fileEncoding = 4; lastKnownFileType = sourcecode.swift; path = ProductsCoreDataStore.swift; sourceTree = "<group>"; };
		3EA416231DF9609700669A20 /* ProductsMemStore.swift */ = {isa = PBXFileReference; fileEncoding = 4; lastKnownFileType = sourcecode.swift; path = ProductsMemStore.swift; sourceTree = "<group>"; };
		3EA416291DF963CF00669A20 /* CoreDataManager.swift */ = {isa = PBXFileReference; fileEncoding = 4; lastKnownFileType = sourcecode.swift; path = CoreDataManager.swift; sourceTree = "<group>"; };
		3EA4163B1DF983FA00669A20 /* ManagedProduct+CoreDataClass.swift */ = {isa = PBXFileReference; fileEncoding = 4; lastKnownFileType = sourcecode.swift; path = "ManagedProduct+CoreDataClass.swift"; sourceTree = "<group>"; };
		3EA4163C1DF983FA00669A20 /* ManagedProduct+CoreDataProperties.swift */ = {isa = PBXFileReference; fileEncoding = 4; lastKnownFileType = sourcecode.swift; path = "ManagedProduct+CoreDataProperties.swift"; sourceTree = "<group>"; };
		3EA4163F1DF9969700669A20 /* Product+CoreData.swift */ = {isa = PBXFileReference; fileEncoding = 4; lastKnownFileType = sourcecode.swift; path = "Product+CoreData.swift"; sourceTree = "<group>"; };
		3EC5CD981DF628B00013C3CB /* OnlineCatalogue.app */ = {isa = PBXFileReference; explicitFileType = wrapper.application; includeInIndex = 0; path = OnlineCatalogue.app; sourceTree = BUILT_PRODUCTS_DIR; };
		3EC5CD9B1DF628B00013C3CB /* AppDelegate.swift */ = {isa = PBXFileReference; lastKnownFileType = sourcecode.swift; path = AppDelegate.swift; sourceTree = "<group>"; };
		3EC5CDA01DF628B00013C3CB /* Base */ = {isa = PBXFileReference; lastKnownFileType = file.storyboard; name = Base; path = Base.lproj/Main.storyboard; sourceTree = "<group>"; };
		3EC5CDA31DF628B00013C3CB /* OnlineCatalogue.xcdatamodel */ = {isa = PBXFileReference; lastKnownFileType = wrapper.xcdatamodel; path = OnlineCatalogue.xcdatamodel; sourceTree = "<group>"; };
		3EC5CDA51DF628B00013C3CB /* Assets.xcassets */ = {isa = PBXFileReference; lastKnownFileType = folder.assetcatalog; path = Assets.xcassets; sourceTree = "<group>"; };
		3EC5CDA81DF628B00013C3CB /* Base */ = {isa = PBXFileReference; lastKnownFileType = file.storyboard; name = Base; path = Base.lproj/LaunchScreen.storyboard; sourceTree = "<group>"; };
		3EC5CDAA1DF628B00013C3CB /* Info.plist */ = {isa = PBXFileReference; lastKnownFileType = text.plist.xml; path = Info.plist; sourceTree = "<group>"; };
		3EC5CDAF1DF628B00013C3CB /* OnlineCatalogueTests.xctest */ = {isa = PBXFileReference; explicitFileType = wrapper.cfbundle; includeInIndex = 0; path = OnlineCatalogueTests.xctest; sourceTree = BUILT_PRODUCTS_DIR; };
		3EC5CDB51DF628B00013C3CB /* Info.plist */ = {isa = PBXFileReference; lastKnownFileType = text.plist.xml; path = Info.plist; sourceTree = "<group>"; };
		3EC5CDBE1DF628B00013C3CB /* OnlineCatalogueUITests.swift */ = {isa = PBXFileReference; lastKnownFileType = sourcecode.swift; path = OnlineCatalogueUITests.swift; sourceTree = "<group>"; };
		3EC5CDC01DF628B00013C3CB /* Info.plist */ = {isa = PBXFileReference; lastKnownFileType = text.plist.xml; path = Info.plist; sourceTree = "<group>"; };
		3EC5CDD71DF62BC30013C3CB /* ProductsListConfigurator.swift */ = {isa = PBXFileReference; fileEncoding = 4; lastKnownFileType = sourcecode.swift; path = ProductsListConfigurator.swift; sourceTree = "<group>"; };
		3EC5CDD81DF62BC30013C3CB /* ProductsListInteractor.swift */ = {isa = PBXFileReference; fileEncoding = 4; lastKnownFileType = sourcecode.swift; path = ProductsListInteractor.swift; sourceTree = "<group>"; };
		3EC5CDD91DF62BC30013C3CB /* ProductsListModels.swift */ = {isa = PBXFileReference; fileEncoding = 4; lastKnownFileType = sourcecode.swift; path = ProductsListModels.swift; sourceTree = "<group>"; };
		3EC5CDDA1DF62BC30013C3CB /* ProductsListPresenter.swift */ = {isa = PBXFileReference; fileEncoding = 4; lastKnownFileType = sourcecode.swift; path = ProductsListPresenter.swift; sourceTree = "<group>"; };
		3EC5CDDB1DF62BC30013C3CB /* ProductsListRouter.swift */ = {isa = PBXFileReference; fileEncoding = 4; lastKnownFileType = sourcecode.swift; path = ProductsListRouter.swift; sourceTree = "<group>"; };
		3EC5CDDC1DF62BC30013C3CB /* ProductsListViewController.swift */ = {isa = PBXFileReference; fileEncoding = 4; lastKnownFileType = sourcecode.swift; path = ProductsListViewController.swift; sourceTree = "<group>"; };
		3EC5CDDD1DF62BC30013C3CB /* ProductsListWorker.swift */ = {isa = PBXFileReference; fileEncoding = 4; lastKnownFileType = sourcecode.swift; path = ProductsListWorker.swift; sourceTree = "<group>"; };
		3EC5CDE51DF62C0B0013C3CB /* ProductsWorker.swift */ = {isa = PBXFileReference; fileEncoding = 4; lastKnownFileType = sourcecode.swift; path = ProductsWorker.swift; sourceTree = "<group>"; };
		3EC5CDED1DF62D2A0013C3CB /* Product.swift */ = {isa = PBXFileReference; fileEncoding = 4; lastKnownFileType = sourcecode.swift; path = Product.swift; sourceTree = "<group>"; };
		3EC5CDEF1DF633F00013C3CB /* ProductDetailsConfigurator.swift */ = {isa = PBXFileReference; fileEncoding = 4; lastKnownFileType = sourcecode.swift; path = ProductDetailsConfigurator.swift; sourceTree = "<group>"; };
		3EC5CDF01DF633F00013C3CB /* ProductDetailsInteractor.swift */ = {isa = PBXFileReference; fileEncoding = 4; lastKnownFileType = sourcecode.swift; path = ProductDetailsInteractor.swift; sourceTree = "<group>"; };
		3EC5CDF11DF633F00013C3CB /* ProductDetailsModels.swift */ = {isa = PBXFileReference; fileEncoding = 4; lastKnownFileType = sourcecode.swift; path = ProductDetailsModels.swift; sourceTree = "<group>"; };
		3EC5CDF21DF633F00013C3CB /* ProductDetailsPresenter.swift */ = {isa = PBXFileReference; fileEncoding = 4; lastKnownFileType = sourcecode.swift; path = ProductDetailsPresenter.swift; sourceTree = "<group>"; };
		3EC5CDF31DF633F00013C3CB /* ProductDetailsRouter.swift */ = {isa = PBXFileReference; fileEncoding = 4; lastKnownFileType = sourcecode.swift; path = ProductDetailsRouter.swift; sourceTree = "<group>"; };
		3EC5CDF41DF633F00013C3CB /* ProductDetailsViewController.swift */ = {isa = PBXFileReference; fileEncoding = 4; lastKnownFileType = sourcecode.swift; path = ProductDetailsViewController.swift; sourceTree = "<group>"; };
		3EC5CDF51DF633F00013C3CB /* ProductDetailsWorker.swift */ = {isa = PBXFileReference; fileEncoding = 4; lastKnownFileType = sourcecode.swift; path = ProductDetailsWorker.swift; sourceTree = "<group>"; };
		3EC5CDFD1DF66B710013C3CB /* ProductTableViewCell.swift */ = {isa = PBXFileReference; fileEncoding = 4; lastKnownFileType = sourcecode.swift; path = ProductTableViewCell.swift; sourceTree = "<group>"; };
		3EC5CE081DF6775E0013C3CB /* ProductsListInteractorTests.swift */ = {isa = PBXFileReference; fileEncoding = 4; lastKnownFileType = sourcecode.swift; path = ProductsListInteractorTests.swift; sourceTree = "<group>"; };
		3EC5CE091DF6775E0013C3CB /* ProductsListPresenterTests.swift */ = {isa = PBXFileReference; fileEncoding = 4; lastKnownFileType = sourcecode.swift; path = ProductsListPresenterTests.swift; sourceTree = "<group>"; };
		3EC5CE0A1DF6775E0013C3CB /* ProductsListViewControllerTests.swift */ = {isa = PBXFileReference; fileEncoding = 4; lastKnownFileType = sourcecode.swift; path = ProductsListViewControllerTests.swift; sourceTree = "<group>"; };
		3EC5CE0B1DF6775E0013C3CB /* ProductsWorkerTests.swift */ = {isa = PBXFileReference; fileEncoding = 4; lastKnownFileType = sourcecode.swift; name = ProductsWorkerTests.swift; path = ../Scenes/ProductsList/ProductsWorkerTests.swift; sourceTree = "<group>"; };
		3EC5CE101DF67AFC0013C3CB /* ProductCollectionViewCell.swift */ = {isa = PBXFileReference; fileEncoding = 4; lastKnownFileType = sourcecode.swift; path = ProductCollectionViewCell.swift; sourceTree = "<group>"; };
		6C16E72FA367D515A1E2F8D6 /* Pods_OnlineCatalogue.framework */ = {isa = PBXFileReference; explicitFileType = wrapper.framework; includeInIndex = 0; path = Pods_OnlineCatalogue.framework; sourceTree = BUILT_PRODUCTS_DIR; };
		C7F6FD7B6C21A00F8194A4A6 /* Pods-OnlineCatalogue.release.xcconfig */ = {isa = PBXFileReference; includeInIndex = 1; lastKnownFileType = text.xcconfig; name = "Pods-OnlineCatalogue.release.xcconfig"; path = "Pods/Target Support Files/Pods-OnlineCatalogue/Pods-OnlineCatalogue.release.xcconfig"; sourceTree = "<group>"; };
		FFC0AB981C7192CE688B0D89 /* Pods-OnlineCatalogue.debug.xcconfig */ = {isa = PBXFileReference; includeInIndex = 1; lastKnownFileType = text.xcconfig; name = "Pods-OnlineCatalogue.debug.xcconfig"; path = "Pods/Target Support Files/Pods-OnlineCatalogue/Pods-OnlineCatalogue.debug.xcconfig"; sourceTree = "<group>"; };
/* End PBXFileReference section */

/* Begin PBXFrameworksBuildPhase section */
		3EC5CD951DF628B00013C3CB /* Frameworks */ = {
			isa = PBXFrameworksBuildPhase;
			buildActionMask = 2147483647;
			files = (
				569B7573FB03A6F871665D0D /* Pods_OnlineCatalogue.framework in Frameworks */,
			);
			runOnlyForDeploymentPostprocessing = 0;
		};
		3EC5CDAC1DF628B00013C3CB /* Frameworks */ = {
			isa = PBXFrameworksBuildPhase;
			buildActionMask = 2147483647;
			files = (
			);
			runOnlyForDeploymentPostprocessing = 0;
		};
/* End PBXFrameworksBuildPhase section */

/* Begin PBXGroup section */
		3EA416201DF9609700669A20 /* Products */ = {
			isa = PBXGroup;
			children = (
				3EA416231DF9609700669A20 /* ProductsMemStore.swift */,
				3EA416211DF9609700669A20 /* ProductsAPI.swift */,
				3EA416221DF9609700669A20 /* ProductsCoreDataStore.swift */,
			);
			path = Products;
			sourceTree = "<group>";
		};
		3EC5CD8F1DF628B00013C3CB = {
			isa = PBXGroup;
			children = (
				3EC5CD9A1DF628B00013C3CB /* OnlineCatalogue */,
				3EC5CDB21DF628B00013C3CB /* OnlineCatalogueTests */,
				3EC5CDBD1DF628B00013C3CB /* OnlineCatalogueUITests */,
				3EC5CD991DF628B00013C3CB /* Products */,
				C50A137C6787AE45F23BB553 /* Pods */,
				B3F91B0910995BE413929536 /* Frameworks */,
			);
			sourceTree = "<group>";
		};
		3EC5CD991DF628B00013C3CB /* Products */ = {
			isa = PBXGroup;
			children = (
				3EC5CD981DF628B00013C3CB /* OnlineCatalogue.app */,
				3EC5CDAF1DF628B00013C3CB /* OnlineCatalogueTests.xctest */,
			);
			name = Products;
			sourceTree = "<group>";
		};
		3EC5CD9A1DF628B00013C3CB /* OnlineCatalogue */ = {
			isa = PBXGroup;
			children = (
				3EC5CDCC1DF62A620013C3CB /* Models */,
				3EC5CDCD1DF62A720013C3CB /* Services */,
				3EC5CDCE1DF62A830013C3CB /* Workers */,
				3EC5CDCF1DF62A940013C3CB /* Scenes */,
				3EC5CD9B1DF628B00013C3CB /* AppDelegate.swift */,
				3EC5CD9F1DF628B00013C3CB /* Main.storyboard */,
				3EC5CDA51DF628B00013C3CB /* Assets.xcassets */,
				3EC5CDA71DF628B00013C3CB /* LaunchScreen.storyboard */,
				3EC5CDAA1DF628B00013C3CB /* Info.plist */,
				3EC5CDA21DF628B00013C3CB /* OnlineCatalogue.xcdatamodeld */,
			);
			path = OnlineCatalogue;
			sourceTree = "<group>";
		};
		3EC5CDB21DF628B00013C3CB /* OnlineCatalogueTests */ = {
			isa = PBXGroup;
			children = (
				3EC5CDD31DF62B420013C3CB /* Services */,
				3EC5CDD41DF62B420013C3CB /* Workers */,
				3EC5CDD21DF62B420013C3CB /* Scenes */,
				3EC5CDB51DF628B00013C3CB /* Info.plist */,
			);
			path = OnlineCatalogueTests;
			sourceTree = "<group>";
		};
		3EC5CDBD1DF628B00013C3CB /* OnlineCatalogueUITests */ = {
			isa = PBXGroup;
			children = (
				3EC5CDBE1DF628B00013C3CB /* OnlineCatalogueUITests.swift */,
				3EC5CDC01DF628B00013C3CB /* Info.plist */,
			);
			path = OnlineCatalogueUITests;
			sourceTree = "<group>";
		};
		3EC5CDCC1DF62A620013C3CB /* Models */ = {
			isa = PBXGroup;
			children = (
				3EC5CDED1DF62D2A0013C3CB /* Product.swift */,
				3EA4161A1DF8D0F600669A20 /* Product+Networking.swift */,
				3EA4161E1DF9606700669A20 /* ProductRouter.swift */,
				3EA4163B1DF983FA00669A20 /* ManagedProduct+CoreDataClass.swift */,
				3EA4163C1DF983FA00669A20 /* ManagedProduct+CoreDataProperties.swift */,
				3EA4163F1DF9969700669A20 /* Product+CoreData.swift */,
			);
			path = Models;
			sourceTree = "<group>";
		};
		3EC5CDCD1DF62A720013C3CB /* Services */ = {
			isa = PBXGroup;
			children = (
				3EA416201DF9609700669A20 /* Products */,
				3EA416291DF963CF00669A20 /* CoreDataManager.swift */,
			);
			path = Services;
			sourceTree = "<group>";
		};
		3EC5CDCE1DF62A830013C3CB /* Workers */ = {
			isa = PBXGroup;
			children = (
				3EC5CDE51DF62C0B0013C3CB /* ProductsWorker.swift */,
			);
			path = Workers;
			sourceTree = "<group>";
		};
		3EC5CDCF1DF62A940013C3CB /* Scenes */ = {
			isa = PBXGroup;
			children = (
				3EC5CDD01DF62AF30013C3CB /* ProductsList */,
				3EC5CDD11DF62B1F0013C3CB /* ProductDetails */,
			);
			path = Scenes;
			sourceTree = "<group>";
		};
		3EC5CDD01DF62AF30013C3CB /* ProductsList */ = {
			isa = PBXGroup;
			children = (
				3EC5CDD71DF62BC30013C3CB /* ProductsListConfigurator.swift */,
				3EC5CDD81DF62BC30013C3CB /* ProductsListInteractor.swift */,
				3EC5CDD91DF62BC30013C3CB /* ProductsListModels.swift */,
				3EC5CDDA1DF62BC30013C3CB /* ProductsListPresenter.swift */,
				3EC5CDDB1DF62BC30013C3CB /* ProductsListRouter.swift */,
				3EC5CDDC1DF62BC30013C3CB /* ProductsListViewController.swift */,
				3EC5CDDD1DF62BC30013C3CB /* ProductsListWorker.swift */,
				3EC5CDFD1DF66B710013C3CB /* ProductTableViewCell.swift */,
				3EC5CE101DF67AFC0013C3CB /* ProductCollectionViewCell.swift */,
			);
			path = ProductsList;
			sourceTree = "<group>";
		};
		3EC5CDD11DF62B1F0013C3CB /* ProductDetails */ = {
			isa = PBXGroup;
			children = (
				3EC5CDEF1DF633F00013C3CB /* ProductDetailsConfigurator.swift */,
				3EC5CDF01DF633F00013C3CB /* ProductDetailsInteractor.swift */,
				3EC5CDF11DF633F00013C3CB /* ProductDetailsModels.swift */,
				3EC5CDF21DF633F00013C3CB /* ProductDetailsPresenter.swift */,
				3EC5CDF31DF633F00013C3CB /* ProductDetailsRouter.swift */,
				3EC5CDF41DF633F00013C3CB /* ProductDetailsViewController.swift */,
				3EC5CDF51DF633F00013C3CB /* ProductDetailsWorker.swift */,
			);
			path = ProductDetails;
			sourceTree = "<group>";
		};
		3EC5CDD21DF62B420013C3CB /* Scenes */ = {
			isa = PBXGroup;
			children = (
				3EC5CDD51DF62B800013C3CB /* ProductDetails */,
				3EC5CDD61DF62B800013C3CB /* ProductsList */,
			);
			path = Scenes;
			sourceTree = "<group>";
		};
		3EC5CDD31DF62B420013C3CB /* Services */ = {
			isa = PBXGroup;
			children = (
			);
			path = Services;
			sourceTree = "<group>";
		};
		3EC5CDD41DF62B420013C3CB /* Workers */ = {
			isa = PBXGroup;
			children = (
				3EC5CE0B1DF6775E0013C3CB /* ProductsWorkerTests.swift */,
			);
			path = Workers;
			sourceTree = "<group>";
		};
		3EC5CDD51DF62B800013C3CB /* ProductDetails */ = {
			isa = PBXGroup;
			children = (
			);
			path = ProductDetails;
			sourceTree = "<group>";
		};
		3EC5CDD61DF62B800013C3CB /* ProductsList */ = {
			isa = PBXGroup;
			children = (
				3EC5CE081DF6775E0013C3CB /* ProductsListInteractorTests.swift */,
				3EC5CE091DF6775E0013C3CB /* ProductsListPresenterTests.swift */,
				3EC5CE0A1DF6775E0013C3CB /* ProductsListViewControllerTests.swift */,
			);
			path = ProductsList;
			sourceTree = "<group>";
		};
		B3F91B0910995BE413929536 /* Frameworks */ = {
			isa = PBXGroup;
			children = (
				6C16E72FA367D515A1E2F8D6 /* Pods_OnlineCatalogue.framework */,
			);
			name = Frameworks;
			sourceTree = "<group>";
		};
		C50A137C6787AE45F23BB553 /* Pods */ = {
			isa = PBXGroup;
			children = (
				FFC0AB981C7192CE688B0D89 /* Pods-OnlineCatalogue.debug.xcconfig */,
				C7F6FD7B6C21A00F8194A4A6 /* Pods-OnlineCatalogue.release.xcconfig */,
			);
			name = Pods;
			sourceTree = "<group>";
		};
/* End PBXGroup section */

/* Begin PBXNativeTarget section */
		3EC5CD971DF628B00013C3CB /* OnlineCatalogue */ = {
			isa = PBXNativeTarget;
			buildConfigurationList = 3EC5CDC31DF628B00013C3CB /* Build configuration list for PBXNativeTarget "OnlineCatalogue" */;
			buildPhases = (
				198B442AE2DBDC34A4602BD0 /* [CP] Check Pods Manifest.lock */,
				3EC5CD941DF628B00013C3CB /* Sources */,
				3EC5CD951DF628B00013C3CB /* Frameworks */,
				3EC5CD961DF628B00013C3CB /* Resources */,
				8CF77695E3DC2A942BC4C443 /* [CP] Embed Pods Frameworks */,
				5BED7E527863B25B8875A16E /* [CP] Copy Pods Resources */,
			);
			buildRules = (
			);
			dependencies = (
			);
			name = OnlineCatalogue;
			productName = OnlineCatalogue;
			productReference = 3EC5CD981DF628B00013C3CB /* OnlineCatalogue.app */;
			productType = "com.apple.product-type.application";
		};
		3EC5CDAE1DF628B00013C3CB /* OnlineCatalogueTests */ = {
			isa = PBXNativeTarget;
			buildConfigurationList = 3EC5CDC61DF628B00013C3CB /* Build configuration list for PBXNativeTarget "OnlineCatalogueTests" */;
			buildPhases = (
				3EC5CDAB1DF628B00013C3CB /* Sources */,
				3EC5CDAC1DF628B00013C3CB /* Frameworks */,
				3EC5CDAD1DF628B00013C3CB /* Resources */,
			);
			buildRules = (
			);
			dependencies = (
				3EC5CDB11DF628B00013C3CB /* PBXTargetDependency */,
			);
			name = OnlineCatalogueTests;
			productName = OnlineCatalogueTests;
			productReference = 3EC5CDAF1DF628B00013C3CB /* OnlineCatalogueTests.xctest */;
			productType = "com.apple.product-type.bundle.unit-test";
		};
/* End PBXNativeTarget section */

/* Begin PBXProject section */
		3EC5CD901DF628B00013C3CB /* Project object */ = {
			isa = PBXProject;
			attributes = {
				LastSwiftUpdateCheck = 0810;
				LastUpgradeCheck = 0810;
				ORGANIZATIONNAME = "Aleksandr Pronin";
				TargetAttributes = {
					3EC5CD971DF628B00013C3CB = {
						CreatedOnToolsVersion = 8.1;
						DevelopmentTeam = Q8M6V9HM9E;
						ProvisioningStyle = Automatic;
					};
					3EC5CDAE1DF628B00013C3CB = {
						CreatedOnToolsVersion = 8.1;
						DevelopmentTeam = Q8M6V9HM9E;
						ProvisioningStyle = Automatic;
						TestTargetID = 3EC5CD971DF628B00013C3CB;
					};
				};
			};
			buildConfigurationList = 3EC5CD931DF628B00013C3CB /* Build configuration list for PBXProject "OnlineCatalogue" */;
			compatibilityVersion = "Xcode 3.2";
			developmentRegion = English;
			hasScannedForEncodings = 0;
			knownRegions = (
				en,
				Base,
			);
			mainGroup = 3EC5CD8F1DF628B00013C3CB;
			productRefGroup = 3EC5CD991DF628B00013C3CB /* Products */;
			projectDirPath = "";
			projectRoot = "";
			targets = (
				3EC5CD971DF628B00013C3CB /* OnlineCatalogue */,
				3EC5CDAE1DF628B00013C3CB /* OnlineCatalogueTests */,
			);
		};
/* End PBXProject section */

/* Begin PBXResourcesBuildPhase section */
		3EC5CD961DF628B00013C3CB /* Resources */ = {
			isa = PBXResourcesBuildPhase;
			buildActionMask = 2147483647;
			files = (
				3EC5CDA91DF628B00013C3CB /* LaunchScreen.storyboard in Resources */,
				3EC5CDA61DF628B00013C3CB /* Assets.xcassets in Resources */,
				3EC5CDA11DF628B00013C3CB /* Main.storyboard in Resources */,
			);
			runOnlyForDeploymentPostprocessing = 0;
		};
		3EC5CDAD1DF628B00013C3CB /* Resources */ = {
			isa = PBXResourcesBuildPhase;
			buildActionMask = 2147483647;
			files = (
				3EC5CE071DF6744E0013C3CB /* Main.storyboard in Resources */,
			);
			runOnlyForDeploymentPostprocessing = 0;
		};
/* End PBXResourcesBuildPhase section */

/* Begin PBXShellScriptBuildPhase section */
		198B442AE2DBDC34A4602BD0 /* [CP] Check Pods Manifest.lock */ = {
			isa = PBXShellScriptBuildPhase;
			buildActionMask = 2147483647;
			files = (
			);
			inputPaths = (
			);
			name = "[CP] Check Pods Manifest.lock";
			outputPaths = (
			);
			runOnlyForDeploymentPostprocessing = 0;
			shellPath = /bin/sh;
			shellScript = "diff \"${PODS_ROOT}/../Podfile.lock\" \"${PODS_ROOT}/Manifest.lock\" > /dev/null\nif [ $? != 0 ] ; then\n    # print error to STDERR\n    echo \"error: The sandbox is not in sync with the Podfile.lock. Run 'pod install' or update your CocoaPods installation.\" >&2\n    exit 1\nfi\n";
			showEnvVarsInLog = 0;
		};
		5BED7E527863B25B8875A16E /* [CP] Copy Pods Resources */ = {
			isa = PBXShellScriptBuildPhase;
			buildActionMask = 2147483647;
			files = (
			);
			inputPaths = (
			);
			name = "[CP] Copy Pods Resources";
			outputPaths = (
			);
			runOnlyForDeploymentPostprocessing = 0;
			shellPath = /bin/sh;
			shellScript = "\"${SRCROOT}/Pods/Target Support Files/Pods-OnlineCatalogue/Pods-OnlineCatalogue-resources.sh\"\n";
			showEnvVarsInLog = 0;
		};
		8CF77695E3DC2A942BC4C443 /* [CP] Embed Pods Frameworks */ = {
			isa = PBXShellScriptBuildPhase;
			buildActionMask = 2147483647;
			files = (
			);
			inputPaths = (
			);
			name = "[CP] Embed Pods Frameworks";
			outputPaths = (
			);
			runOnlyForDeploymentPostprocessing = 0;
			shellPath = /bin/sh;
			shellScript = "\"${SRCROOT}/Pods/Target Support Files/Pods-OnlineCatalogue/Pods-OnlineCatalogue-frameworks.sh\"\n";
			showEnvVarsInLog = 0;
		};
/* End PBXShellScriptBuildPhase section */

/* Begin PBXSourcesBuildPhase section */
		3EC5CD941DF628B00013C3CB /* Sources */ = {
			isa = PBXSourcesBuildPhase;
			buildActionMask = 2147483647;
			files = (
				3EC5CDDE1DF62BC30013C3CB /* ProductsListConfigurator.swift in Sources */,
				3EA416261DF9609700669A20 /* ProductsMemStore.swift in Sources */,
				3EC5CDEE1DF62D2A0013C3CB /* Product.swift in Sources */,
				3EC5CDFB1DF633F00013C3CB /* ProductDetailsViewController.swift in Sources */,
				3EA416401DF9969700669A20 /* Product+CoreData.swift in Sources */,
				3EC5CDDF1DF62BC30013C3CB /* ProductsListInteractor.swift in Sources */,
				3EA4161F1DF9606700669A20 /* ProductRouter.swift in Sources */,
				3EA416241DF9609700669A20 /* ProductsAPI.swift in Sources */,
				3EC5CDE41DF62BC30013C3CB /* ProductsListWorker.swift in Sources */,
				3EC5CDF61DF633F00013C3CB /* ProductDetailsConfigurator.swift in Sources */,
				3EC5CDFE1DF66B710013C3CB /* ProductTableViewCell.swift in Sources */,
				3EC5CDF81DF633F00013C3CB /* ProductDetailsModels.swift in Sources */,
				3EC5CE111DF67AFC0013C3CB /* ProductCollectionViewCell.swift in Sources */,
				3EC5CDE61DF62C0B0013C3CB /* ProductsWorker.swift in Sources */,
				3EA4163D1DF983FA00669A20 /* ManagedProduct+CoreDataClass.swift in Sources */,
				3EC5CDFC1DF633F00013C3CB /* ProductDetailsWorker.swift in Sources */,
				3EC5CDE01DF62BC30013C3CB /* ProductsListModels.swift in Sources */,
				3EA416251DF9609700669A20 /* ProductsCoreDataStore.swift in Sources */,
				3EC5CDE21DF62BC30013C3CB /* ProductsListRouter.swift in Sources */,
				3EC5CDA41DF628B00013C3CB /* OnlineCatalogue.xcdatamodeld in Sources */,
				3EA4161B1DF8D0F600669A20 /* Product+Networking.swift in Sources */,
				3EC5CDE11DF62BC30013C3CB /* ProductsListPresenter.swift in Sources */,
				3EA4162A1DF963CF00669A20 /* CoreDataManager.swift in Sources */,
				3EC5CDF71DF633F00013C3CB /* ProductDetailsInteractor.swift in Sources */,
				3EC5CDF91DF633F00013C3CB /* ProductDetailsPresenter.swift in Sources */,
				3EC5CDFA1DF633F00013C3CB /* ProductDetailsRouter.swift in Sources */,
				3EC5CD9C1DF628B00013C3CB /* AppDelegate.swift in Sources */,
				3EC5CDE31DF62BC30013C3CB /* ProductsListViewController.swift in Sources */,
				3EA4163E1DF983FA00669A20 /* ManagedProduct+CoreDataProperties.swift in Sources */,
			);
			runOnlyForDeploymentPostprocessing = 0;
		};
		3EC5CDAB1DF628B00013C3CB /* Sources */ = {
			isa = PBXSourcesBuildPhase;
			buildActionMask = 2147483647;
			files = (
				3EC5CE0C1DF6775E0013C3CB /* ProductsListInteractorTests.swift in Sources */,
				3EC5CE0E1DF6775E0013C3CB /* ProductsListViewControllerTests.swift in Sources */,
				3EC5CE0F1DF6775E0013C3CB /* ProductsWorkerTests.swift in Sources */,
				3EC5CE0D1DF6775E0013C3CB /* ProductsListPresenterTests.swift in Sources */,
			);
			runOnlyForDeploymentPostprocessing = 0;
		};
/* End PBXSourcesBuildPhase section */

/* Begin PBXTargetDependency section */
		3EC5CDB11DF628B00013C3CB /* PBXTargetDependency */ = {
			isa = PBXTargetDependency;
			target = 3EC5CD971DF628B00013C3CB /* OnlineCatalogue */;
			targetProxy = 3EC5CDB01DF628B00013C3CB /* PBXContainerItemProxy */;
		};
/* End PBXTargetDependency section */

/* Begin PBXVariantGroup section */
		3EC5CD9F1DF628B00013C3CB /* Main.storyboard */ = {
			isa = PBXVariantGroup;
			children = (
				3EC5CDA01DF628B00013C3CB /* Base */,
			);
			name = Main.storyboard;
			sourceTree = "<group>";
		};
		3EC5CDA71DF628B00013C3CB /* LaunchScreen.storyboard */ = {
			isa = PBXVariantGroup;
			children = (
				3EC5CDA81DF628B00013C3CB /* Base */,
			);
			name = LaunchScreen.storyboard;
			sourceTree = "<group>";
		};
/* End PBXVariantGroup section */

/* Begin XCBuildConfiguration section */
		3EC5CDC11DF628B00013C3CB /* Debug */ = {
			isa = XCBuildConfiguration;
			buildSettings = {
				ALWAYS_SEARCH_USER_PATHS = NO;
				CLANG_ANALYZER_NONNULL = YES;
				CLANG_CXX_LANGUAGE_STANDARD = "gnu++0x";
				CLANG_CXX_LIBRARY = "libc++";
				CLANG_ENABLE_MODULES = YES;
				CLANG_ENABLE_OBJC_ARC = YES;
				CLANG_WARN_BOOL_CONVERSION = YES;
				CLANG_WARN_CONSTANT_CONVERSION = YES;
				CLANG_WARN_DIRECT_OBJC_ISA_USAGE = YES_ERROR;
				CLANG_WARN_DOCUMENTATION_COMMENTS = YES;
				CLANG_WARN_EMPTY_BODY = YES;
				CLANG_WARN_ENUM_CONVERSION = YES;
				CLANG_WARN_INFINITE_RECURSION = YES;
				CLANG_WARN_INT_CONVERSION = YES;
				CLANG_WARN_OBJC_ROOT_CLASS = YES_ERROR;
				CLANG_WARN_SUSPICIOUS_MOVE = YES;
				CLANG_WARN_SUSPICIOUS_MOVES = YES;
				CLANG_WARN_UNREACHABLE_CODE = YES;
				CLANG_WARN__DUPLICATE_METHOD_MATCH = YES;
				"CODE_SIGN_IDENTITY[sdk=iphoneos*]" = "iPhone Developer";
				COPY_PHASE_STRIP = NO;
				DEBUG_INFORMATION_FORMAT = dwarf;
				ENABLE_STRICT_OBJC_MSGSEND = YES;
				ENABLE_TESTABILITY = YES;
				GCC_C_LANGUAGE_STANDARD = gnu99;
				GCC_DYNAMIC_NO_PIC = NO;
				GCC_NO_COMMON_BLOCKS = YES;
				GCC_OPTIMIZATION_LEVEL = 0;
				GCC_PREPROCESSOR_DEFINITIONS = (
					"DEBUG=1",
					"$(inherited)",
				);
				GCC_WARN_64_TO_32_BIT_CONVERSION = YES;
				GCC_WARN_ABOUT_RETURN_TYPE = YES_ERROR;
				GCC_WARN_UNDECLARED_SELECTOR = YES;
				GCC_WARN_UNINITIALIZED_AUTOS = YES_AGGRESSIVE;
				GCC_WARN_UNUSED_FUNCTION = YES;
				GCC_WARN_UNUSED_VARIABLE = YES;
				IPHONEOS_DEPLOYMENT_TARGET = 10.1;
				MTL_ENABLE_DEBUG_INFO = YES;
				ONLY_ACTIVE_ARCH = YES;
				SDKROOT = iphoneos;
				SWIFT_ACTIVE_COMPILATION_CONDITIONS = DEBUG;
				SWIFT_OPTIMIZATION_LEVEL = "-Onone";
			};
			name = Debug;
		};
		3EC5CDC21DF628B00013C3CB /* Release */ = {
			isa = XCBuildConfiguration;
			buildSettings = {
				ALWAYS_SEARCH_USER_PATHS = NO;
				CLANG_ANALYZER_NONNULL = YES;
				CLANG_CXX_LANGUAGE_STANDARD = "gnu++0x";
				CLANG_CXX_LIBRARY = "libc++";
				CLANG_ENABLE_MODULES = YES;
				CLANG_ENABLE_OBJC_ARC = YES;
				CLANG_WARN_BOOL_CONVERSION = YES;
				CLANG_WARN_CONSTANT_CONVERSION = YES;
				CLANG_WARN_DIRECT_OBJC_ISA_USAGE = YES_ERROR;
				CLANG_WARN_DOCUMENTATION_COMMENTS = YES;
				CLANG_WARN_EMPTY_BODY = YES;
				CLANG_WARN_ENUM_CONVERSION = YES;
				CLANG_WARN_INFINITE_RECURSION = YES;
				CLANG_WARN_INT_CONVERSION = YES;
				CLANG_WARN_OBJC_ROOT_CLASS = YES_ERROR;
				CLANG_WARN_SUSPICIOUS_MOVE = YES;
				CLANG_WARN_SUSPICIOUS_MOVES = YES;
				CLANG_WARN_UNREACHABLE_CODE = YES;
				CLANG_WARN__DUPLICATE_METHOD_MATCH = YES;
				"CODE_SIGN_IDENTITY[sdk=iphoneos*]" = "iPhone Developer";
				COPY_PHASE_STRIP = NO;
				DEBUG_INFORMATION_FORMAT = "dwarf-with-dsym";
				ENABLE_NS_ASSERTIONS = NO;
				ENABLE_STRICT_OBJC_MSGSEND = YES;
				GCC_C_LANGUAGE_STANDARD = gnu99;
				GCC_NO_COMMON_BLOCKS = YES;
				GCC_WARN_64_TO_32_BIT_CONVERSION = YES;
				GCC_WARN_ABOUT_RETURN_TYPE = YES_ERROR;
				GCC_WARN_UNDECLARED_SELECTOR = YES;
				GCC_WARN_UNINITIALIZED_AUTOS = YES_AGGRESSIVE;
				GCC_WARN_UNUSED_FUNCTION = YES;
				GCC_WARN_UNUSED_VARIABLE = YES;
				IPHONEOS_DEPLOYMENT_TARGET = 10.1;
				MTL_ENABLE_DEBUG_INFO = NO;
				SDKROOT = iphoneos;
				SWIFT_OPTIMIZATION_LEVEL = "-Owholemodule";
				VALIDATE_PRODUCT = YES;
			};
			name = Release;
		};
		3EC5CDC41DF628B00013C3CB /* Debug */ = {
			isa = XCBuildConfiguration;
			baseConfigurationReference = FFC0AB981C7192CE688B0D89 /* Pods-OnlineCatalogue.debug.xcconfig */;
			buildSettings = {
				ALWAYS_EMBED_SWIFT_STANDARD_LIBRARIES = YES;
				ASSETCATALOG_COMPILER_APPICON_NAME = AppIcon;
				DEVELOPMENT_TEAM = Q8M6V9HM9E;
				INFOPLIST_FILE = OnlineCatalogue/Info.plist;
				LD_RUNPATH_SEARCH_PATHS = "$(inherited) @executable_path/Frameworks";
				PRODUCT_BUNDLE_IDENTIFIER = "com.rit-js.OnlineCatalogue";
				PRODUCT_NAME = "$(TARGET_NAME)";
				SWIFT_VERSION = 3.0;
			};
			name = Debug;
		};
		3EC5CDC51DF628B00013C3CB /* Release */ = {
			isa = XCBuildConfiguration;
			baseConfigurationReference = C7F6FD7B6C21A00F8194A4A6 /* Pods-OnlineCatalogue.release.xcconfig */;
			buildSettings = {
				ALWAYS_EMBED_SWIFT_STANDARD_LIBRARIES = YES;
				ASSETCATALOG_COMPILER_APPICON_NAME = AppIcon;
				DEVELOPMENT_TEAM = Q8M6V9HM9E;
				INFOPLIST_FILE = OnlineCatalogue/Info.plist;
				LD_RUNPATH_SEARCH_PATHS = "$(inherited) @executable_path/Frameworks";
				PRODUCT_BUNDLE_IDENTIFIER = "com.rit-js.OnlineCatalogue";
				PRODUCT_NAME = "$(TARGET_NAME)";
				SWIFT_VERSION = 3.0;
			};
			name = Release;
		};
		3EC5CDC71DF628B00013C3CB /* Debug */ = {
			isa = XCBuildConfiguration;
			buildSettings = {
				ALWAYS_EMBED_SWIFT_STANDARD_LIBRARIES = YES;
				BUNDLE_LOADER = "$(TEST_HOST)";
				DEVELOPMENT_TEAM = Q8M6V9HM9E;
				INFOPLIST_FILE = OnlineCatalogueTests/Info.plist;
				LD_RUNPATH_SEARCH_PATHS = "$(inherited) @executable_path/Frameworks @loader_path/Frameworks";
				PRODUCT_BUNDLE_IDENTIFIER = "com.rit-js.OnlineCatalogueTests";
				PRODUCT_NAME = "$(TARGET_NAME)";
				SWIFT_VERSION = 3.0;
				TEST_HOST = "$(BUILT_PRODUCTS_DIR)/OnlineCatalogue.app/OnlineCatalogue";
			};
			name = Debug;
		};
		3EC5CDC81DF628B00013C3CB /* Release */ = {
			isa = XCBuildConfiguration;
			buildSettings = {
				ALWAYS_EMBED_SWIFT_STANDARD_LIBRARIES = YES;
				BUNDLE_LOADER = "$(TEST_HOST)";
				DEVELOPMENT_TEAM = Q8M6V9HM9E;
				INFOPLIST_FILE = OnlineCatalogueTests/Info.plist;
				LD_RUNPATH_SEARCH_PATHS = "$(inherited) @executable_path/Frameworks @loader_path/Frameworks";
				PRODUCT_BUNDLE_IDENTIFIER = "com.rit-js.OnlineCatalogueTests";
				PRODUCT_NAME = "$(TARGET_NAME)";
				SWIFT_VERSION = 3.0;
				TEST_HOST = "$(BUILT_PRODUCTS_DIR)/OnlineCatalogue.app/OnlineCatalogue";
			};
			name = Release;
		};
/* End XCBuildConfiguration section */

/* Begin XCConfigurationList section */
		3EC5CD931DF628B00013C3CB /* Build configuration list for PBXProject "OnlineCatalogue" */ = {
			isa = XCConfigurationList;
			buildConfigurations = (
				3EC5CDC11DF628B00013C3CB /* Debug */,
				3EC5CDC21DF628B00013C3CB /* Release */,
			);
			defaultConfigurationIsVisible = 0;
			defaultConfigurationName = Release;
		};
		3EC5CDC31DF628B00013C3CB /* Build configuration list for PBXNativeTarget "OnlineCatalogue" */ = {
			isa = XCConfigurationList;
			buildConfigurations = (
				3EC5CDC41DF628B00013C3CB /* Debug */,
				3EC5CDC51DF628B00013C3CB /* Release */,
			);
			defaultConfigurationIsVisible = 0;
			defaultConfigurationName = Release;
		};
		3EC5CDC61DF628B00013C3CB /* Build configuration list for PBXNativeTarget "OnlineCatalogueTests" */ = {
			isa = XCConfigurationList;
			buildConfigurations = (
				3EC5CDC71DF628B00013C3CB /* Debug */,
				3EC5CDC81DF628B00013C3CB /* Release */,
			);
			defaultConfigurationIsVisible = 0;
			defaultConfigurationName = Release;
		};
/* End XCConfigurationList section */

/* Begin XCVersionGroup section */
		3EC5CDA21DF628B00013C3CB /* OnlineCatalogue.xcdatamodeld */ = {
			isa = XCVersionGroup;
			children = (
				3EC5CDA31DF628B00013C3CB /* OnlineCatalogue.xcdatamodel */,
			);
			currentVersion = 3EC5CDA31DF628B00013C3CB /* OnlineCatalogue.xcdatamodel */;
			path = OnlineCatalogue.xcdatamodeld;
			sourceTree = "<group>";
			versionGroupType = wrapper.xcdatamodel;
		};
/* End XCVersionGroup section */
	};
	rootObject = 3EC5CD901DF628B00013C3CB /* Project object */;
}
